
Microsoft Visual Studio Solution File, Format Version 12.00
# Visual Studio Version 17
VisualStudioVersion = 17.5.002.0
MinimumVisualStudioVersion = 10.0.40219.1
Project("{9A19103F-16F7-4668-BE54-9A1E7A4F7556}") = "Scaffold.Web", "Scaffold.Web\Scaffold.Web.csproj", "{7AD40A03-C04B-4914-A97D-35399C949FBD}"
EndProject
Global
	GlobalSection(SolutionConfigurationPlatforms) = preSolution
		Debug|Any CPU = Debug|Any CPU
		Release|Any CPU = Release|Any CPU
	EndGlobalSection
	GlobalSection(ProjectConfigurationPlatforms) = postSolution
		{7AD40A03-C04B-4914-A97D-35399C949FBD}.Debug|Any CPU.ActiveCfg = Debug|Any CPU
		{7AD40A03-C04B-4914-A97D-35399C949FBD}.Debug|Any CPU.Build.0 = Debug|Any CPU
		{7AD40A03-C04B-4914-A97D-35399C949FBD}.Release|Any CPU.ActiveCfg = Release|Any CPU
		{7AD40A03-C04B-4914-A97D-35399C949FBD}.Release|Any CPU.Build.0 = Release|Any CPU
	EndGlobalSection
	GlobalSection(SolutionProperties) = preSolution
		HideSolutionNode = FALSE
	EndGlobalSection
	GlobalSection(ExtensibilityGlobals) = postSolution
		SolutionGuid = {9EA81B71-BAD5-4337-A5E9-C252DECAD913}
	EndGlobalSection
EndGlobal
